{
    "version": 3,
    "terraform_version": "0.11.11",
    "serial": 2,
    "lineage": "18fdf7b9-1b3a-bb95-e421-c42fbc207c5b",
    "modules": [
        {
            "path": [
                "root"
            ],
            "outputs": {
                "Application Load Balancer Endpoint": {
                    "sensitive": false,
                    "type": "string",
                    "value": "internal-appserver-lb-2146500526.us-east-1.elb.amazonaws.com"
                },
                "END POINT OF ALB": {
                    "sensitive": false,
                    "type": "string",
                    "value": "webserver-lb-449665385.us-east-1.elb.amazonaws.com"
                },
                "amiid": {
                    "sensitive": false,
                    "type": "string",
                    "value": "ami-000b3a073fc20e415"
                }
            },
            "resources": {
                "aws_db_subnet_group.rds_subnet_group": {
                    "type": "aws_db_subnet_group",
                    "depends_on": [
                        "aws_subnet.privatesubnet1",
                        "aws_subnet.privatesubnet2"
                    ],
                    "primary": {
                        "id": "aurora_db_subnet_group",
                        "attributes": {
                            "arn": "arn:aws:rds:us-east-1:312825850012:subgrp:aurora_db_subnet_group",
                            "description": "Allowed subnets for Aurora DB cluster instances",
                            "id": "aurora_db_subnet_group",
                            "name": "aurora_db_subnet_group",
                            "subnet_ids.#": "2",
                            "subnet_ids.1896464172": "subnet-0115633f6f8cad064",
                            "subnet_ids.2975302514": "subnet-076730c7a61452514",
                            "tags.%": "1",
                            "tags.Name": "RDS-SETUP-rds-Subnet-Group"
                        },
                        "meta": {},
                        "tainted": false
                    },
                    "deposed": [],
                    "provider": "provider.aws"
                },
                "aws_eip.eip": {
                    "type": "aws_eip",
                    "depends_on": [
                        "aws_internet_gateway.gw"
                    ],
                    "primary": {
                        "id": "eipalloc-0bb7c05b6f15953b0",
                        "attributes": {
                            "association_id": "",
                            "customer_owned_ip": "",
                            "customer_owned_ipv4_pool": "",
                            "domain": "vpc",
                            "id": "eipalloc-0bb7c05b6f15953b0",
                            "instance": "",
                            "network_interface": "",
                            "private_ip": "",
                            "public_dns": "ec2-34-229-25-24.compute-1.amazonaws.com",
                            "public_ip": "34.229.25.24",
                            "public_ipv4_pool": "amazon",
                            "tags.%": "0",
                            "vpc": "true"
                        },
                        "meta": {
                            "e2bfb730-ecaa-11e6-8f88-34363bc7c4c0": {
                                "delete": 180000000000,
                                "read": 900000000000,
                                "update": 300000000000
                            }
                        },
                        "tainted": false
                    },
                    "deposed": [],
                    "provider": "provider.aws"
                },
                "aws_internet_gateway.gw": {
                    "type": "aws_internet_gateway",
                    "depends_on": [
                        "aws_vpc.main"
                    ],
                    "primary": {
                        "id": "igw-089f4fa2905a059c0",
                        "attributes": {
                            "arn": "arn:aws:ec2:us-east-1:312825850012:internet-gateway/igw-089f4fa2905a059c0",
                            "id": "igw-089f4fa2905a059c0",
                            "owner_id": "312825850012",
                            "tags.%": "1",
                            "tags.Name": "RDS-SETUP-internetgateway",
                            "vpc_id": "vpc-0a2ad150aa13befb3"
                        },
                        "meta": {},
                        "tainted": false
                    },
                    "deposed": [],
                    "provider": "provider.aws"
                },
                "aws_lb.appserver": {
                    "type": "aws_lb",
                    "depends_on": [
                        "aws_security_group.applb_sg",
                        "aws_subnet.privatesubnet1",
                        "aws_subnet.privatesubnet2"
                    ],
                    "primary": {
                        "id": "arn:aws:elasticloadbalancing:us-east-1:312825850012:loadbalancer/app/appserver-lb/eaa53a563644d2ac",
                        "attributes": {
                            "access_logs.#": "1",
                            "access_logs.0.bucket": "",
                            "access_logs.0.enabled": "false",
                            "access_logs.0.prefix": "",
                            "arn": "arn:aws:elasticloadbalancing:us-east-1:312825850012:loadbalancer/app/appserver-lb/eaa53a563644d2ac",
                            "arn_suffix": "app/appserver-lb/eaa53a563644d2ac",
                            "dns_name": "internal-appserver-lb-2146500526.us-east-1.elb.amazonaws.com",
                            "drop_invalid_header_fields": "false",
                            "enable_deletion_protection": "false",
                            "enable_http2": "true",
                            "id": "arn:aws:elasticloadbalancing:us-east-1:312825850012:loadbalancer/app/appserver-lb/eaa53a563644d2ac",
                            "idle_timeout": "60",
                            "internal": "true",
                            "ip_address_type": "ipv4",
                            "load_balancer_type": "application",
                            "name": "appserver-lb",
                            "security_groups.#": "1",
                            "security_groups.1153083789": "sg-0dc04568047237265",
                            "subnet_mapping.#": "2",
                            "subnet_mapping.2775897764.allocation_id": "",
                            "subnet_mapping.2775897764.subnet_id": "subnet-0115633f6f8cad064",
                            "subnet_mapping.694678635.allocation_id": "",
                            "subnet_mapping.694678635.subnet_id": "subnet-076730c7a61452514",
                            "subnets.#": "2",
                            "subnets.1896464172": "subnet-0115633f6f8cad064",
                            "subnets.2975302514": "subnet-076730c7a61452514",
                            "tags.%": "1",
                            "tags.Environment": "backenedapp",
                            "vpc_id": "vpc-0a2ad150aa13befb3",
                            "zone_id": "Z35SXDOTRQ7X7K"
                        },
                        "meta": {
                            "e2bfb730-ecaa-11e6-8f88-34363bc7c4c0": {
                                "create": 600000000000,
                                "delete": 600000000000,
                                "update": 600000000000
                            }
                        },
                        "tainted": false
                    },
                    "deposed": [],
                    "provider": "provider.aws"
                },
                "aws_lb.webserver": {
                    "type": "aws_lb",
                    "depends_on": [
                        "aws_security_group.lbweb",
                        "aws_subnet.publicsubnet1",
                        "aws_subnet.publicsubnet2"
                    ],
                    "primary": {
                        "id": "arn:aws:elasticloadbalancing:us-east-1:312825850012:loadbalancer/app/webserver-lb/cbce2cc962d41a41",
                        "attributes": {
                            "access_logs.#": "1",
                            "access_logs.0.bucket": "",
                            "access_logs.0.enabled": "false",
                            "access_logs.0.prefix": "",
                            "arn": "arn:aws:elasticloadbalancing:us-east-1:312825850012:loadbalancer/app/webserver-lb/cbce2cc962d41a41",
                            "arn_suffix": "app/webserver-lb/cbce2cc962d41a41",
                            "dns_name": "webserver-lb-449665385.us-east-1.elb.amazonaws.com",
                            "drop_invalid_header_fields": "false",
                            "enable_deletion_protection": "false",
                            "enable_http2": "true",
                            "id": "arn:aws:elasticloadbalancing:us-east-1:312825850012:loadbalancer/app/webserver-lb/cbce2cc962d41a41",
                            "idle_timeout": "60",
                            "internal": "false",
                            "ip_address_type": "ipv4",
                            "load_balancer_type": "application",
                            "name": "webserver-lb",
                            "security_groups.#": "1",
                            "security_groups.2409527151": "sg-064fc6c4a0c6ebe12",
                            "subnet_mapping.#": "2",
                            "subnet_mapping.1298455221.allocation_id": "",
                            "subnet_mapping.1298455221.subnet_id": "subnet-02b10fd820c92f779",
                            "subnet_mapping.2192528768.allocation_id": "",
                            "subnet_mapping.2192528768.subnet_id": "subnet-05b0550423e06df35",
                            "subnets.#": "2",
                            "subnets.2831888733": "subnet-05b0550423e06df35",
                            "subnets.3654393195": "subnet-02b10fd820c92f779",
                            "tags.%": "1",
                            "tags.Environment": "Webproduction",
                            "vpc_id": "vpc-0a2ad150aa13befb3",
                            "zone_id": "Z35SXDOTRQ7X7K"
                        },
                        "meta": {
                            "e2bfb730-ecaa-11e6-8f88-34363bc7c4c0": {
                                "create": 600000000000,
                                "delete": 600000000000,
                                "update": 600000000000
                            }
                        },
                        "tainted": false
                    },
                    "deposed": [],
                    "provider": "provider.aws"
                },
                "aws_lb_listener.appserver": {
                    "type": "aws_lb_listener",
                    "depends_on": [
                        "aws_lb.appserver",
                        "aws_lb_target_group.appserver"
                    ],
                    "primary": {
                        "id": "arn:aws:elasticloadbalancing:us-east-1:312825850012:listener/app/appserver-lb/eaa53a563644d2ac/824b78905a8c2d8c",
                        "attributes": {
                            "arn": "arn:aws:elasticloadbalancing:us-east-1:312825850012:listener/app/appserver-lb/eaa53a563644d2ac/824b78905a8c2d8c",
                            "default_action.#": "1",
                            "default_action.0.authenticate_cognito.#": "0",
                            "default_action.0.authenticate_oidc.#": "0",
                            "default_action.0.fixed_response.#": "0",
                            "default_action.0.forward.#": "0",
                            "default_action.0.order": "1",
                            "default_action.0.redirect.#": "0",
                            "default_action.0.target_group_arn": "arn:aws:elasticloadbalancing:us-east-1:312825850012:targetgroup/tf-example-lb-tg/105dd1d72c4aab83",
                            "default_action.0.type": "forward",
                            "id": "arn:aws:elasticloadbalancing:us-east-1:312825850012:listener/app/appserver-lb/eaa53a563644d2ac/824b78905a8c2d8c",
                            "load_balancer_arn": "arn:aws:elasticloadbalancing:us-east-1:312825850012:loadbalancer/app/appserver-lb/eaa53a563644d2ac",
                            "port": "80",
                            "protocol": "HTTP",
                            "ssl_policy": ""
                        },
                        "meta": {
                            "e2bfb730-ecaa-11e6-8f88-34363bc7c4c0": {
                                "read": 600000000000
                            }
                        },
                        "tainted": false
                    },
                    "deposed": [],
                    "provider": "provider.aws"
                },
                "aws_lb_target_group.appserver": {
                    "type": "aws_lb_target_group",
                    "depends_on": [
                        "aws_vpc.main"
                    ],
                    "primary": {
                        "id": "arn:aws:elasticloadbalancing:us-east-1:312825850012:targetgroup/tf-example-lb-tg/105dd1d72c4aab83",
                        "attributes": {
                            "arn": "arn:aws:elasticloadbalancing:us-east-1:312825850012:targetgroup/tf-example-lb-tg/105dd1d72c4aab83",
                            "arn_suffix": "targetgroup/tf-example-lb-tg/105dd1d72c4aab83",
                            "deregistration_delay": "300",
                            "health_check.#": "1",
                            "health_check.0.enabled": "true",
                            "health_check.0.healthy_threshold": "4",
                            "health_check.0.interval": "5",
                            "health_check.0.matcher": "200",
                            "health_check.0.path": "/",
                            "health_check.0.port": "80",
                            "health_check.0.protocol": "HTTP",
                            "health_check.0.timeout": "2",
                            "health_check.0.unhealthy_threshold": "2",
                            "id": "arn:aws:elasticloadbalancing:us-east-1:312825850012:targetgroup/tf-example-lb-tg/105dd1d72c4aab83",
                            "lambda_multi_value_headers_enabled": "false",
                            "load_balancing_algorithm_type": "round_robin",
                            "name": "tf-example-lb-tg",
                            "port": "80",
                            "protocol": "HTTP",
                            "proxy_protocol_v2": "false",
                            "slow_start": "0",
                            "stickiness.#": "1",
                            "stickiness.0.cookie_duration": "1200",
                            "stickiness.0.enabled": "true",
                            "stickiness.0.type": "lb_cookie",
                            "tags.%": "0",
                            "target_type": "instance",
                            "vpc_id": "vpc-0a2ad150aa13befb3"
                        },
                        "meta": {},
                        "tainted": false
                    },
                    "deposed": [],
                    "provider": "provider.aws"
                },
                "aws_lb_target_group.webappsetup": {
                    "type": "aws_lb_target_group",
                    "depends_on": [
                        "aws_vpc.main"
                    ],
                    "primary": {
                        "id": "arn:aws:elasticloadbalancing:us-east-1:312825850012:targetgroup/tf-example-lb-tg/105dd1d72c4aab83",
                        "attributes": {
                            "arn": "arn:aws:elasticloadbalancing:us-east-1:312825850012:targetgroup/tf-example-lb-tg/105dd1d72c4aab83",
                            "arn_suffix": "targetgroup/tf-example-lb-tg/105dd1d72c4aab83",
                            "deregistration_delay": "300",
                            "health_check.#": "1",
                            "health_check.0.enabled": "true",
                            "health_check.0.healthy_threshold": "4",
                            "health_check.0.interval": "5",
                            "health_check.0.matcher": "200",
                            "health_check.0.path": "/",
                            "health_check.0.port": "80",
                            "health_check.0.protocol": "HTTP",
                            "health_check.0.timeout": "2",
                            "health_check.0.unhealthy_threshold": "2",
                            "id": "arn:aws:elasticloadbalancing:us-east-1:312825850012:targetgroup/tf-example-lb-tg/105dd1d72c4aab83",
                            "lambda_multi_value_headers_enabled": "false",
                            "load_balancing_algorithm_type": "round_robin",
                            "name": "tf-example-lb-tg",
                            "port": "80",
                            "protocol": "HTTP",
                            "proxy_protocol_v2": "false",
                            "slow_start": "0",
                            "stickiness.#": "1",
                            "stickiness.0.cookie_duration": "1200",
                            "stickiness.0.enabled": "true",
                            "stickiness.0.type": "lb_cookie",
                            "tags.%": "0",
                            "target_type": "instance",
                            "vpc_id": "vpc-0a2ad150aa13befb3"
                        },
                        "meta": {},
                        "tainted": false
                    },
                    "deposed": [],
                    "provider": "provider.aws"
                },
                "aws_nat_gateway.nat": {
                    "type": "aws_nat_gateway",
                    "depends_on": [
                        "aws_eip.eip",
                        "aws_internet_gateway.gw",
                        "aws_subnet.publicsubnet1"
                    ],
                    "primary": {
                        "id": "nat-05e49c1d2d2185760",
                        "attributes": {
                            "allocation_id": "eipalloc-0bb7c05b6f15953b0",
                            "id": "nat-05e49c1d2d2185760",
                            "network_interface_id": "eni-08180660236243818",
                            "private_ip": "10.0.1.208",
                            "public_ip": "34.229.25.24",
                            "subnet_id": "subnet-05b0550423e06df35",
                            "tags.%": "1",
                            "tags.Name": "RDS-SETUP-nat"
                        },
                        "meta": {},
                        "tainted": false
                    },
                    "deposed": [],
                    "provider": "provider.aws"
                },
                "aws_route_table.privateroute": {
                    "type": "aws_route_table",
                    "depends_on": [
                        "aws_nat_gateway.nat",
                        "aws_vpc.main"
                    ],
                    "primary": {
                        "id": "rtb-06f84034f49d7f047",
                        "attributes": {
                            "id": "rtb-06f84034f49d7f047",
                            "owner_id": "312825850012",
                            "propagating_vgws.#": "0",
                            "route.#": "1",
                            "route.1170111570.cidr_block": "0.0.0.0/0",
                            "route.1170111570.egress_only_gateway_id": "",
                            "route.1170111570.gateway_id": "",
                            "route.1170111570.instance_id": "",
                            "route.1170111570.ipv6_cidr_block": "",
                            "route.1170111570.nat_gateway_id": "nat-05e49c1d2d2185760",
                            "route.1170111570.network_interface_id": "",
                            "route.1170111570.transit_gateway_id": "",
                            "route.1170111570.vpc_peering_connection_id": "",
                            "tags.%": "0",
                            "vpc_id": "vpc-0a2ad150aa13befb3"
                        },
                        "meta": {},
                        "tainted": false
                    },
                    "deposed": [],
                    "provider": "provider.aws"
                },
                "aws_route_table.publicroute": {
                    "type": "aws_route_table",
                    "depends_on": [
                        "aws_internet_gateway.gw",
                        "aws_vpc.main"
                    ],
                    "primary": {
                        "id": "rtb-0c2d75081d9b45a0f",
                        "attributes": {
                            "id": "rtb-0c2d75081d9b45a0f",
                            "owner_id": "312825850012",
                            "propagating_vgws.#": "0",
                            "route.#": "1",
                            "route.3056032814.cidr_block": "0.0.0.0/0",
                            "route.3056032814.egress_only_gateway_id": "",
                            "route.3056032814.gateway_id": "igw-089f4fa2905a059c0",
                            "route.3056032814.instance_id": "",
                            "route.3056032814.ipv6_cidr_block": "",
                            "route.3056032814.nat_gateway_id": "",
                            "route.3056032814.network_interface_id": "",
                            "route.3056032814.transit_gateway_id": "",
                            "route.3056032814.vpc_peering_connection_id": "",
                            "tags.%": "0",
                            "vpc_id": "vpc-0a2ad150aa13befb3"
                        },
                        "meta": {},
                        "tainted": false
                    },
                    "deposed": [],
                    "provider": "provider.aws"
                },
                "aws_route_table_association.priva": {
                    "type": "aws_route_table_association",
                    "depends_on": [
                        "aws_route_table.privateroute",
                        "aws_subnet.privatesubnet1"
                    ],
                    "primary": {
                        "id": "rtbassoc-08d41219d52dfa414",
                        "attributes": {
                            "id": "rtbassoc-08d41219d52dfa414",
                            "route_table_id": "rtb-06f84034f49d7f047",
                            "subnet_id": "subnet-0115633f6f8cad064"
                        },
                        "meta": {},
                        "tainted": false
                    },
                    "deposed": [],
                    "provider": "provider.aws"
                },
                "aws_route_table_association.privb": {
                    "type": "aws_route_table_association",
                    "depends_on": [
                        "aws_route_table.privateroute",
                        "aws_subnet.privatesubnet2"
                    ],
                    "primary": {
                        "id": "rtbassoc-0826b7c7c11b3d8d2",
                        "attributes": {
                            "id": "rtbassoc-0826b7c7c11b3d8d2",
                            "route_table_id": "rtb-06f84034f49d7f047",
                            "subnet_id": "subnet-076730c7a61452514"
                        },
                        "meta": {},
                        "tainted": false
                    },
                    "deposed": [],
                    "provider": "provider.aws"
                },
                "aws_route_table_association.puba": {
                    "type": "aws_route_table_association",
                    "depends_on": [
                        "aws_route_table.publicroute",
                        "aws_subnet.publicsubnet1"
                    ],
                    "primary": {
                        "id": "rtbassoc-092d2d8d812196f39",
                        "attributes": {
                            "id": "rtbassoc-092d2d8d812196f39",
                            "route_table_id": "rtb-0c2d75081d9b45a0f",
                            "subnet_id": "subnet-05b0550423e06df35"
                        },
                        "meta": {},
                        "tainted": false
                    },
                    "deposed": [],
                    "provider": "provider.aws"
                },
                "aws_route_table_association.pubb": {
                    "type": "aws_route_table_association",
                    "depends_on": [
                        "aws_route_table.publicroute",
                        "aws_subnet.publicsubnet2"
                    ],
                    "primary": {
                        "id": "rtbassoc-013db301f8ae0e30c",
                        "attributes": {
                            "id": "rtbassoc-013db301f8ae0e30c",
                            "route_table_id": "rtb-0c2d75081d9b45a0f",
                            "subnet_id": "subnet-02b10fd820c92f779"
                        },
                        "meta": {},
                        "tainted": false
                    },
                    "deposed": [],
                    "provider": "provider.aws"
                },
                "aws_security_group.applb_sg": {
                    "type": "aws_security_group",
                    "depends_on": [
                        "aws_vpc.main"
                    ],
                    "primary": {
                        "id": "sg-0dc04568047237265",
                        "attributes": {
                            "arn": "arn:aws:ec2:us-east-1:312825850012:security-group/sg-0dc04568047237265",
                            "description": "Managed by Terraform",
                            "egress.#": "1",
                            "egress.482069346.cidr_blocks.#": "1",
                            "egress.482069346.cidr_blocks.0": "0.0.0.0/0",
                            "egress.482069346.description": "",
                            "egress.482069346.from_port": "0",
                            "egress.482069346.ipv6_cidr_blocks.#": "0",
                            "egress.482069346.prefix_list_ids.#": "0",
                            "egress.482069346.protocol": "-1",
                            "egress.482069346.security_groups.#": "0",
                            "egress.482069346.self": "false",
                            "egress.482069346.to_port": "0",
                            "id": "sg-0dc04568047237265",
                            "ingress.#": "2",
                            "ingress.2214680975.cidr_blocks.#": "1",
                            "ingress.2214680975.cidr_blocks.0": "0.0.0.0/0",
                            "ingress.2214680975.description": "",
                            "ingress.2214680975.from_port": "80",
                            "ingress.2214680975.ipv6_cidr_blocks.#": "0",
                            "ingress.2214680975.prefix_list_ids.#": "0",
                            "ingress.2214680975.protocol": "tcp",
                            "ingress.2214680975.security_groups.#": "0",
                            "ingress.2214680975.self": "false",
                            "ingress.2214680975.to_port": "80",
                            "ingress.2617001939.cidr_blocks.#": "1",
                            "ingress.2617001939.cidr_blocks.0": "0.0.0.0/0",
                            "ingress.2617001939.description": "",
                            "ingress.2617001939.from_port": "443",
                            "ingress.2617001939.ipv6_cidr_blocks.#": "0",
                            "ingress.2617001939.prefix_list_ids.#": "0",
                            "ingress.2617001939.protocol": "tcp",
                            "ingress.2617001939.security_groups.#": "0",
                            "ingress.2617001939.self": "false",
                            "ingress.2617001939.to_port": "443",
                            "name": "terraform-20200620183401179400000002",
                            "owner_id": "312825850012",
                            "revoke_rules_on_delete": "false",
                            "tags.%": "1",
                            "tags.name": "RDS-SETUP-applb_sg",
                            "vpc_id": "vpc-0a2ad150aa13befb3"
                        },
                        "meta": {
                            "e2bfb730-ecaa-11e6-8f88-34363bc7c4c0": {
                                "create": 600000000000,
                                "delete": 600000000000
                            },
                            "schema_version": "1"
                        },
                        "tainted": false
                    },
                    "deposed": [],
                    "provider": "provider.aws"
                },
                "aws_security_group.appserverssg": {
                    "type": "aws_security_group",
                    "depends_on": [
                        "aws_vpc.main"
                    ],
                    "primary": {
                        "id": "sg-094d2c0a0bb42a896",
                        "attributes": {
                            "arn": "arn:aws:ec2:us-east-1:312825850012:security-group/sg-094d2c0a0bb42a896",
                            "description": "Managed by Terraform",
                            "egress.#": "1",
                            "egress.482069346.cidr_blocks.#": "1",
                            "egress.482069346.cidr_blocks.0": "0.0.0.0/0",
                            "egress.482069346.description": "",
                            "egress.482069346.from_port": "0",
                            "egress.482069346.ipv6_cidr_blocks.#": "0",
                            "egress.482069346.prefix_list_ids.#": "0",
                            "egress.482069346.protocol": "-1",
                            "egress.482069346.security_groups.#": "0",
                            "egress.482069346.self": "false",
                            "egress.482069346.to_port": "0",
                            "id": "sg-094d2c0a0bb42a896",
                            "ingress.#": "3",
                            "ingress.2214680975.cidr_blocks.#": "1",
                            "ingress.2214680975.cidr_blocks.0": "0.0.0.0/0",
                            "ingress.2214680975.description": "",
                            "ingress.2214680975.from_port": "80",
                            "ingress.2214680975.ipv6_cidr_blocks.#": "0",
                            "ingress.2214680975.prefix_list_ids.#": "0",
                            "ingress.2214680975.protocol": "tcp",
                            "ingress.2214680975.security_groups.#": "0",
                            "ingress.2214680975.self": "false",
                            "ingress.2214680975.to_port": "80",
                            "ingress.2541437006.cidr_blocks.#": "1",
                            "ingress.2541437006.cidr_blocks.0": "0.0.0.0/0",
                            "ingress.2541437006.description": "",
                            "ingress.2541437006.from_port": "22",
                            "ingress.2541437006.ipv6_cidr_blocks.#": "0",
                            "ingress.2541437006.prefix_list_ids.#": "0",
                            "ingress.2541437006.protocol": "tcp",
                            "ingress.2541437006.security_groups.#": "0",
                            "ingress.2541437006.self": "false",
                            "ingress.2541437006.to_port": "22",
                            "ingress.2617001939.cidr_blocks.#": "1",
                            "ingress.2617001939.cidr_blocks.0": "0.0.0.0/0",
                            "ingress.2617001939.description": "",
                            "ingress.2617001939.from_port": "443",
                            "ingress.2617001939.ipv6_cidr_blocks.#": "0",
                            "ingress.2617001939.prefix_list_ids.#": "0",
                            "ingress.2617001939.protocol": "tcp",
                            "ingress.2617001939.security_groups.#": "0",
                            "ingress.2617001939.self": "false",
                            "ingress.2617001939.to_port": "443",
                            "name": "terraform-20200620183401185500000004",
                            "owner_id": "312825850012",
                            "revoke_rules_on_delete": "false",
                            "tags.%": "1",
                            "tags.name": "RDS-SETUP-appserversg",
                            "vpc_id": "vpc-0a2ad150aa13befb3"
                        },
                        "meta": {
                            "e2bfb730-ecaa-11e6-8f88-34363bc7c4c0": {
                                "create": 600000000000,
                                "delete": 600000000000
                            },
                            "schema_version": "1"
                        },
                        "tainted": false
                    },
                    "deposed": [],
                    "provider": "provider.aws"
                },
                "aws_security_group.lbweb": {
                    "type": "aws_security_group",
                    "depends_on": [
                        "aws_vpc.main"
                    ],
                    "primary": {
                        "id": "sg-064fc6c4a0c6ebe12",
                        "attributes": {
                            "arn": "arn:aws:ec2:us-east-1:312825850012:security-group/sg-064fc6c4a0c6ebe12",
                            "description": "Managed by Terraform",
                            "egress.#": "1",
                            "egress.482069346.cidr_blocks.#": "1",
                            "egress.482069346.cidr_blocks.0": "0.0.0.0/0",
                            "egress.482069346.description": "",
                            "egress.482069346.from_port": "0",
                            "egress.482069346.ipv6_cidr_blocks.#": "0",
                            "egress.482069346.prefix_list_ids.#": "0",
                            "egress.482069346.protocol": "-1",
                            "egress.482069346.security_groups.#": "0",
                            "egress.482069346.self": "false",
                            "egress.482069346.to_port": "0",
                            "id": "sg-064fc6c4a0c6ebe12",
                            "ingress.#": "2",
                            "ingress.2214680975.cidr_blocks.#": "1",
                            "ingress.2214680975.cidr_blocks.0": "0.0.0.0/0",
                            "ingress.2214680975.description": "",
                            "ingress.2214680975.from_port": "80",
                            "ingress.2214680975.ipv6_cidr_blocks.#": "0",
                            "ingress.2214680975.prefix_list_ids.#": "0",
                            "ingress.2214680975.protocol": "tcp",
                            "ingress.2214680975.security_groups.#": "0",
                            "ingress.2214680975.self": "false",
                            "ingress.2214680975.to_port": "80",
                            "ingress.2617001939.cidr_blocks.#": "1",
                            "ingress.2617001939.cidr_blocks.0": "0.0.0.0/0",
                            "ingress.2617001939.description": "",
                            "ingress.2617001939.from_port": "443",
                            "ingress.2617001939.ipv6_cidr_blocks.#": "0",
                            "ingress.2617001939.prefix_list_ids.#": "0",
                            "ingress.2617001939.protocol": "tcp",
                            "ingress.2617001939.security_groups.#": "0",
                            "ingress.2617001939.self": "false",
                            "ingress.2617001939.to_port": "443",
                            "name": "terraform-20200620183401172200000001",
                            "owner_id": "312825850012",
                            "revoke_rules_on_delete": "false",
                            "tags.%": "1",
                            "tags.name": "RDS-SETUP-lbweb",
                            "vpc_id": "vpc-0a2ad150aa13befb3"
                        },
                        "meta": {
                            "e2bfb730-ecaa-11e6-8f88-34363bc7c4c0": {
                                "create": 600000000000,
                                "delete": 600000000000
                            },
                            "schema_version": "1"
                        },
                        "tainted": false
                    },
                    "deposed": [],
                    "provider": "provider.aws"
                },
                "aws_security_group.sg": {
                    "type": "aws_security_group",
                    "depends_on": [
                        "aws_vpc.main"
                    ],
                    "primary": {
                        "id": "sg-0b761d05e2eca9f61",
                        "attributes": {
                            "arn": "arn:aws:ec2:us-east-1:312825850012:security-group/sg-0b761d05e2eca9f61",
                            "description": "Managed by Terraform",
                            "egress.#": "1",
                            "egress.482069346.cidr_blocks.#": "1",
                            "egress.482069346.cidr_blocks.0": "0.0.0.0/0",
                            "egress.482069346.description": "",
                            "egress.482069346.from_port": "0",
                            "egress.482069346.ipv6_cidr_blocks.#": "0",
                            "egress.482069346.prefix_list_ids.#": "0",
                            "egress.482069346.protocol": "-1",
                            "egress.482069346.security_groups.#": "0",
                            "egress.482069346.self": "false",
                            "egress.482069346.to_port": "0",
                            "id": "sg-0b761d05e2eca9f61",
                            "ingress.#": "1",
                            "ingress.1163740523.cidr_blocks.#": "1",
                            "ingress.1163740523.cidr_blocks.0": "0.0.0.0/0",
                            "ingress.1163740523.description": "",
                            "ingress.1163740523.from_port": "3306",
                            "ingress.1163740523.ipv6_cidr_blocks.#": "0",
                            "ingress.1163740523.prefix_list_ids.#": "0",
                            "ingress.1163740523.protocol": "tcp",
                            "ingress.1163740523.security_groups.#": "0",
                            "ingress.1163740523.self": "false",
                            "ingress.1163740523.to_port": "3306",
                            "name": "terraform-20200620183401179800000003",
                            "owner_id": "312825850012",
                            "revoke_rules_on_delete": "false",
                            "tags.%": "1",
                            "tags.name": "RDS-SETUP-sg",
                            "vpc_id": "vpc-0a2ad150aa13befb3"
                        },
                        "meta": {
                            "e2bfb730-ecaa-11e6-8f88-34363bc7c4c0": {
                                "create": 600000000000,
                                "delete": 600000000000
                            },
                            "schema_version": "1"
                        },
                        "tainted": false
                    },
                    "deposed": [],
                    "provider": "provider.aws"
                },
                "aws_security_group.webappserversg": {
                    "type": "aws_security_group",
                    "depends_on": [
                        "aws_vpc.main"
                    ],
                    "primary": {
                        "id": "sg-0848dce9c8cda8b29",
                        "attributes": {
                            "arn": "arn:aws:ec2:us-east-1:312825850012:security-group/sg-0848dce9c8cda8b29",
                            "description": "Managed by Terraform",
                            "egress.#": "1",
                            "egress.482069346.cidr_blocks.#": "1",
                            "egress.482069346.cidr_blocks.0": "0.0.0.0/0",
                            "egress.482069346.description": "",
                            "egress.482069346.from_port": "0",
                            "egress.482069346.ipv6_cidr_blocks.#": "0",
                            "egress.482069346.prefix_list_ids.#": "0",
                            "egress.482069346.protocol": "-1",
                            "egress.482069346.security_groups.#": "0",
                            "egress.482069346.self": "false",
                            "egress.482069346.to_port": "0",
                            "id": "sg-0848dce9c8cda8b29",
                            "ingress.#": "2",
                            "ingress.2214680975.cidr_blocks.#": "1",
                            "ingress.2214680975.cidr_blocks.0": "0.0.0.0/0",
                            "ingress.2214680975.description": "",
                            "ingress.2214680975.from_port": "80",
                            "ingress.2214680975.ipv6_cidr_blocks.#": "0",
                            "ingress.2214680975.prefix_list_ids.#": "0",
                            "ingress.2214680975.protocol": "tcp",
                            "ingress.2214680975.security_groups.#": "0",
                            "ingress.2214680975.self": "false",
                            "ingress.2214680975.to_port": "80",
                            "ingress.2617001939.cidr_blocks.#": "1",
                            "ingress.2617001939.cidr_blocks.0": "0.0.0.0/0",
                            "ingress.2617001939.description": "",
                            "ingress.2617001939.from_port": "443",
                            "ingress.2617001939.ipv6_cidr_blocks.#": "0",
                            "ingress.2617001939.prefix_list_ids.#": "0",
                            "ingress.2617001939.protocol": "tcp",
                            "ingress.2617001939.security_groups.#": "0",
                            "ingress.2617001939.self": "false",
                            "ingress.2617001939.to_port": "443",
                            "name": "terraform-20200620183407419700000005",
                            "owner_id": "312825850012",
                            "revoke_rules_on_delete": "false",
                            "tags.%": "1",
                            "tags.name": "RDS-SETUP-webappserversg",
                            "vpc_id": "vpc-0a2ad150aa13befb3"
                        },
                        "meta": {
                            "e2bfb730-ecaa-11e6-8f88-34363bc7c4c0": {
                                "create": 600000000000,
                                "delete": 600000000000
                            },
                            "schema_version": "1"
                        },
                        "tainted": false
                    },
                    "deposed": [],
                    "provider": "provider.aws"
                },
                "aws_subnet.privatesubnet1": {
                    "type": "aws_subnet",
                    "depends_on": [
                        "aws_vpc.main",
                        "data.aws_availability_zones.available"
                    ],
                    "primary": {
                        "id": "subnet-0115633f6f8cad064",
                        "attributes": {
                            "arn": "arn:aws:ec2:us-east-1:312825850012:subnet/subnet-0115633f6f8cad064",
                            "assign_ipv6_address_on_creation": "false",
                            "availability_zone": "us-east-1a",
                            "availability_zone_id": "use1-az6",
                            "cidr_block": "10.0.3.0/24",
                            "id": "subnet-0115633f6f8cad064",
                            "ipv6_cidr_block": "",
                            "ipv6_cidr_block_association_id": "",
                            "map_public_ip_on_launch": "false",
                            "outpost_arn": "",
                            "owner_id": "312825850012",
                            "tags.%": "1",
                            "tags.Name": "RDS-SETUP-privatesubnet1",
                            "vpc_id": "vpc-0a2ad150aa13befb3"
                        },
                        "meta": {
                            "e2bfb730-ecaa-11e6-8f88-34363bc7c4c0": {
                                "create": 600000000000,
                                "delete": 1200000000000
                            },
                            "schema_version": "1"
                        },
                        "tainted": false
                    },
                    "deposed": [],
                    "provider": "provider.aws"
                },
                "aws_subnet.privatesubnet2": {
                    "type": "aws_subnet",
                    "depends_on": [
                        "aws_vpc.main",
                        "data.aws_availability_zones.available"
                    ],
                    "primary": {
                        "id": "subnet-076730c7a61452514",
                        "attributes": {
                            "arn": "arn:aws:ec2:us-east-1:312825850012:subnet/subnet-076730c7a61452514",
                            "assign_ipv6_address_on_creation": "false",
                            "availability_zone": "us-east-1b",
                            "availability_zone_id": "use1-az1",
                            "cidr_block": "10.0.4.0/24",
                            "id": "subnet-076730c7a61452514",
                            "ipv6_cidr_block": "",
                            "ipv6_cidr_block_association_id": "",
                            "map_public_ip_on_launch": "false",
                            "outpost_arn": "",
                            "owner_id": "312825850012",
                            "tags.%": "1",
                            "tags.Name": "RDS-SETUP-publicsubnet2",
                            "vpc_id": "vpc-0a2ad150aa13befb3"
                        },
                        "meta": {
                            "e2bfb730-ecaa-11e6-8f88-34363bc7c4c0": {
                                "create": 600000000000,
                                "delete": 1200000000000
                            },
                            "schema_version": "1"
                        },
                        "tainted": false
                    },
                    "deposed": [],
                    "provider": "provider.aws"
                },
                "aws_subnet.publicsubnet1": {
                    "type": "aws_subnet",
                    "depends_on": [
                        "aws_vpc.main",
                        "data.aws_availability_zones.available"
                    ],
                    "primary": {
                        "id": "subnet-05b0550423e06df35",
                        "attributes": {
                            "arn": "arn:aws:ec2:us-east-1:312825850012:subnet/subnet-05b0550423e06df35",
                            "assign_ipv6_address_on_creation": "false",
                            "availability_zone": "us-east-1a",
                            "availability_zone_id": "use1-az6",
                            "cidr_block": "10.0.1.0/24",
                            "id": "subnet-05b0550423e06df35",
                            "ipv6_cidr_block": "",
                            "ipv6_cidr_block_association_id": "",
                            "map_public_ip_on_launch": "true",
                            "outpost_arn": "",
                            "owner_id": "312825850012",
                            "tags.%": "1",
                            "tags.Name": "RDS-SETUP-publicsubnet1",
                            "vpc_id": "vpc-0a2ad150aa13befb3"
                        },
                        "meta": {
                            "e2bfb730-ecaa-11e6-8f88-34363bc7c4c0": {
                                "create": 600000000000,
                                "delete": 1200000000000
                            },
                            "schema_version": "1"
                        },
                        "tainted": false
                    },
                    "deposed": [],
                    "provider": "provider.aws"
                },
                "aws_subnet.publicsubnet2": {
                    "type": "aws_subnet",
                    "depends_on": [
                        "aws_vpc.main",
                        "data.aws_availability_zones.available"
                    ],
                    "primary": {
                        "id": "subnet-02b10fd820c92f779",
                        "attributes": {
                            "arn": "arn:aws:ec2:us-east-1:312825850012:subnet/subnet-02b10fd820c92f779",
                            "assign_ipv6_address_on_creation": "false",
                            "availability_zone": "us-east-1b",
                            "availability_zone_id": "use1-az1",
                            "cidr_block": "10.0.2.0/24",
                            "id": "subnet-02b10fd820c92f779",
                            "ipv6_cidr_block": "",
                            "ipv6_cidr_block_association_id": "",
                            "map_public_ip_on_launch": "true",
                            "outpost_arn": "",
                            "owner_id": "312825850012",
                            "tags.%": "1",
                            "tags.Name": "RDS-SETUP-publicsubnet2",
                            "vpc_id": "vpc-0a2ad150aa13befb3"
                        },
                        "meta": {
                            "e2bfb730-ecaa-11e6-8f88-34363bc7c4c0": {
                                "create": 600000000000,
                                "delete": 1200000000000
                            },
                            "schema_version": "1"
                        },
                        "tainted": false
                    },
                    "deposed": [],
                    "provider": "provider.aws"
                },
                "aws_vpc.main": {
                    "type": "aws_vpc",
                    "depends_on": [],
                    "primary": {
                        "id": "vpc-0a2ad150aa13befb3",
                        "attributes": {
                            "arn": "arn:aws:ec2:us-east-1:312825850012:vpc/vpc-0a2ad150aa13befb3",
                            "assign_generated_ipv6_cidr_block": "false",
                            "cidr_block": "10.0.0.0/16",
                            "default_network_acl_id": "acl-0463101a7fec3648d",
                            "default_route_table_id": "rtb-08efe38af671b1b64",
                            "default_security_group_id": "sg-048963ce68b278da5",
                            "dhcp_options_id": "dopt-5f51b525",
                            "enable_classiclink": "false",
                            "enable_classiclink_dns_support": "false",
                            "enable_dns_hostnames": "true",
                            "enable_dns_support": "true",
                            "id": "vpc-0a2ad150aa13befb3",
                            "instance_tenancy": "default",
                            "ipv6_association_id": "",
                            "ipv6_cidr_block": "",
                            "main_route_table_id": "rtb-08efe38af671b1b64",
                            "owner_id": "312825850012",
                            "tags.%": "1",
                            "tags.Name": "RDS-SETUP-vpc"
                        },
                        "meta": {
                            "schema_version": "1"
                        },
                        "tainted": false
                    },
                    "deposed": [],
                    "provider": "provider.aws"
                },
                "data.aws_ami.ubuntu": {
                    "type": "aws_ami",
                    "depends_on": [],
                    "primary": {
                        "id": "ami-000b3a073fc20e415",
                        "attributes": {
                            "architecture": "x86_64",
                            "block_device_mappings.#": "3",
                            "block_device_mappings.1634610537.device_name": "/dev/sdb",
                            "block_device_mappings.1634610537.ebs.%": "0",
                            "block_device_mappings.1634610537.no_device": "",
                            "block_device_mappings.1634610537.virtual_name": "ephemeral0",
                            "block_device_mappings.2547816212.device_name": "/dev/sda1",
                            "block_device_mappings.2547816212.ebs.%": "6",
                            "block_device_mappings.2547816212.ebs.delete_on_termination": "true",
                            "block_device_mappings.2547816212.ebs.encrypted": "false",
                            "block_device_mappings.2547816212.ebs.iops": "0",
                            "block_device_mappings.2547816212.ebs.snapshot_id": "snap-0d0c75281cdaf5fe5",
                            "block_device_mappings.2547816212.ebs.volume_size": "8",
                            "block_device_mappings.2547816212.ebs.volume_type": "gp2",
                            "block_device_mappings.2547816212.no_device": "",
                            "block_device_mappings.2547816212.virtual_name": "",
                            "block_device_mappings.3850042718.device_name": "/dev/sdc",
                            "block_device_mappings.3850042718.ebs.%": "0",
                            "block_device_mappings.3850042718.no_device": "",
                            "block_device_mappings.3850042718.virtual_name": "ephemeral1",
                            "creation_date": "2019-11-11T13:12:33.000Z",
                            "description": "Canonical, Ubuntu, 14.04 LTS, amd64 trusty image build on 2019-11-07",
                            "filter.#": "2",
                            "filter.4182425345.name": "name",
                            "filter.4182425345.values.#": "1",
                            "filter.4182425345.values.0": "ubuntu/images/hvm-ssd/ubuntu-trusty-14.04-amd64-server-*",
                            "filter.490168357.name": "virtualization-type",
                            "filter.490168357.values.#": "1",
                            "filter.490168357.values.0": "hvm",
                            "hypervisor": "xen",
                            "id": "ami-000b3a073fc20e415",
                            "image_id": "ami-000b3a073fc20e415",
                            "image_location": "099720109477/ubuntu/images/hvm-ssd/ubuntu-trusty-14.04-amd64-server-20191107",
                            "image_type": "machine",
                            "most_recent": "true",
                            "name": "ubuntu/images/hvm-ssd/ubuntu-trusty-14.04-amd64-server-20191107",
                            "owner_id": "099720109477",
                            "owners.#": "1",
                            "owners.0": "099720109477",
                            "product_codes.#": "0",
                            "public": "true",
                            "root_device_name": "/dev/sda1",
                            "root_device_type": "ebs",
                            "root_snapshot_id": "snap-0d0c75281cdaf5fe5",
                            "sriov_net_support": "simple",
                            "state": "available",
                            "state_reason.%": "2",
                            "state_reason.code": "UNSET",
                            "state_reason.message": "UNSET",
                            "tags.%": "0",
                            "virtualization_type": "hvm"
                        },
                        "meta": {},
                        "tainted": false
                    },
                    "deposed": [],
                    "provider": "provider.aws"
                },
                "data.aws_availability_zones.available": {
                    "type": "aws_availability_zones",
                    "depends_on": [],
                    "primary": {
                        "id": "2020-06-20 18:32:53.770139308 +0000 UTC",
                        "attributes": {
                            "group_names.#": "1",
                            "group_names.1602062193": "us-east-1",
                            "id": "2020-06-20 18:32:53.770139308 +0000 UTC",
                            "names.#": "6",
                            "names.0": "us-east-1a",
                            "names.1": "us-east-1b",
                            "names.2": "us-east-1c",
                            "names.3": "us-east-1d",
                            "names.4": "us-east-1e",
                            "names.5": "us-east-1f",
                            "zone_ids.#": "6",
                            "zone_ids.0": "use1-az6",
                            "zone_ids.1": "use1-az1",
                            "zone_ids.2": "use1-az2",
                            "zone_ids.3": "use1-az4",
                            "zone_ids.4": "use1-az3",
                            "zone_ids.5": "use1-az5"
                        },
                        "meta": {},
                        "tainted": false
                    },
                    "deposed": [],
                    "provider": "provider.aws"
                }
            },
            "depends_on": []
        }
    ]
}
